{
  "requires": true,
  "lockfileVersion": 1,
  "dependencies": {
    "echarts": {
      "version": "3.8.5",
      "resolved": "https://registry.npmjs.org/echarts/-/echarts-3.8.5.tgz",
      "integrity": "sha512-E+nnROMfCeiLeoT/fZyX8SE8mKzwkTjyemyoBF543oqjRtjTSKQAVDEihMXy4oC6pJS0tYGdMqCA2ATk8onyRg==",
      "dev": true,
      "requires": {
        "zrender": "3.7.4"
      }
    },
    "lodash.debounce": {
      "version": "4.0.8",
      "resolved": "https://registry.npmjs.org/lodash.debounce/-/lodash.debounce-4.0.8.tgz",
      "integrity": "sha1-gteb/zCmfEAF/9XiUVMArZyk168=",
      "dev": true
    },
    "vue-echarts": {
      "version": "2.6.0",
      "resolved": "https://registry.npmjs.org/vue-echarts/-/vue-echarts-2.6.0.tgz",
      "integrity": "sha512-2kth1/dxbHg00hd3cjXHC/zkhSmkKwxOnKdqoZb17YNL1I/oX8wii9UdCNE5gh+V4A8d3Jx8StU/KEiJiB0pFQ==",
      "dev": true,
      "requires": {
        "echarts": "3.8.5",
        "lodash.debounce": "4.0.8"
      }
    },
    "zrender": {
      "version": "3.7.4",
      "resolved": "https://registry.npmjs.org/zrender/-/zrender-3.7.4.tgz",
      "integrity": "sha512-5Nz7+L1wIoL0+Pp/iOP56jD6eD017qC9VRSgUBheXBiAHgOBJZ4uh4/g6e83acIwa8RKSyZf/FlceKu5ntUuxQ==",
      "dev": true
    }
  }
}
